
Microsoft Visual Studio Solution File, Format Version 12.00
# Visual Studio Version 17
VisualStudioVersion = 17.6.33815.320
MinimumVisualStudioVersion = 10.0.40219.1
Project("{FAE04EC0-301F-11D3-BF4B-00C04F79EFBC}") = "Utils", "Utils\Utils.csproj", "{FBFD2721-BAFF-4167-8112-26D105E05D9B}"
EndProject
Project("{FAE04EC0-301F-11D3-BF4B-00C04F79EFBC}") = "SettingsWS", "SettingsWS\SettingsWS.csproj", "{D2DCFB0C-36DC-4FAE-89B7-8E758C302C75}"
EndProject
Project("{FAE04EC0-301F-11D3-BF4B-00C04F79EFBC}") = "KanchokuWS", "KanchokuWS\KanchokuWS.csproj", "{30A6B7D5-8934-49BA-B357-FE723E0CC612}"
EndProject
Project("{FAE04EC0-301F-11D3-BF4B-00C04F79EFBC}") = "UtilsTest", "UtilsTest\UtilsTest.csproj", "{4FCE99EE-DFDD-4DDB-A597-3F2BD92BB6F5}"
EndProject
Project("{8BC9CEB8-8B4A-11D0-8D11-00A0C91BC942}") = "kw-uni", "kw-uni\kw-uni.vcxproj", "{B9E16D99-9611-46B2-AA3A-2B7069AD4A0E}"
EndProject
Project("{8BC9CEB8-8B4A-11D0-8D11-00A0C91BC942}") = "mecab", "..\src-stroke-lattice\mecab\mecab.vcxproj", "{0F5F5E45-BAAC-452B-A6F9-F111F3ECBA60}"
EndProject
Global
	GlobalSection(SolutionConfigurationPlatforms) = preSolution
		Debug|Any CPU = Debug|Any CPU
		Debug|x64 = Debug|x64
		Debug|x86 = Debug|x86
		Release|Any CPU = Release|Any CPU
		Release|x64 = Release|x64
		Release|x86 = Release|x86
	EndGlobalSection
	GlobalSection(ProjectConfigurationPlatforms) = postSolution
		{FBFD2721-BAFF-4167-8112-26D105E05D9B}.Debug|Any CPU.ActiveCfg = Debug|Any CPU
		{FBFD2721-BAFF-4167-8112-26D105E05D9B}.Debug|Any CPU.Build.0 = Debug|Any CPU
		{FBFD2721-BAFF-4167-8112-26D105E05D9B}.Debug|x64.ActiveCfg = Debug|Any CPU
		{FBFD2721-BAFF-4167-8112-26D105E05D9B}.Debug|x64.Build.0 = Debug|Any CPU
		{FBFD2721-BAFF-4167-8112-26D105E05D9B}.Debug|x86.ActiveCfg = Debug|Any CPU
		{FBFD2721-BAFF-4167-8112-26D105E05D9B}.Debug|x86.Build.0 = Debug|Any CPU
		{FBFD2721-BAFF-4167-8112-26D105E05D9B}.Release|Any CPU.ActiveCfg = Release|Any CPU
		{FBFD2721-BAFF-4167-8112-26D105E05D9B}.Release|Any CPU.Build.0 = Release|Any CPU
		{FBFD2721-BAFF-4167-8112-26D105E05D9B}.Release|x64.ActiveCfg = Release|Any CPU
		{FBFD2721-BAFF-4167-8112-26D105E05D9B}.Release|x64.Build.0 = Release|Any CPU
		{FBFD2721-BAFF-4167-8112-26D105E05D9B}.Release|x86.ActiveCfg = Release|Any CPU
		{FBFD2721-BAFF-4167-8112-26D105E05D9B}.Release|x86.Build.0 = Release|Any CPU
		{D2DCFB0C-36DC-4FAE-89B7-8E758C302C75}.Debug|Any CPU.ActiveCfg = Debug|Any CPU
		{D2DCFB0C-36DC-4FAE-89B7-8E758C302C75}.Debug|Any CPU.Build.0 = Debug|Any CPU
		{D2DCFB0C-36DC-4FAE-89B7-8E758C302C75}.Debug|x64.ActiveCfg = Debug|Any CPU
		{D2DCFB0C-36DC-4FAE-89B7-8E758C302C75}.Debug|x64.Build.0 = Debug|Any CPU
		{D2DCFB0C-36DC-4FAE-89B7-8E758C302C75}.Debug|x86.ActiveCfg = Debug|Any CPU
		{D2DCFB0C-36DC-4FAE-89B7-8E758C302C75}.Debug|x86.Build.0 = Debug|Any CPU
		{D2DCFB0C-36DC-4FAE-89B7-8E758C302C75}.Release|Any CPU.ActiveCfg = Release|Any CPU
		{D2DCFB0C-36DC-4FAE-89B7-8E758C302C75}.Release|Any CPU.Build.0 = Release|Any CPU
		{D2DCFB0C-36DC-4FAE-89B7-8E758C302C75}.Release|x64.ActiveCfg = Release|Any CPU
		{D2DCFB0C-36DC-4FAE-89B7-8E758C302C75}.Release|x64.Build.0 = Release|Any CPU
		{D2DCFB0C-36DC-4FAE-89B7-8E758C302C75}.Release|x86.ActiveCfg = Release|Any CPU
		{D2DCFB0C-36DC-4FAE-89B7-8E758C302C75}.Release|x86.Build.0 = Release|Any CPU
		{30A6B7D5-8934-49BA-B357-FE723E0CC612}.Debug|Any CPU.ActiveCfg = Debug|Any CPU
		{30A6B7D5-8934-49BA-B357-FE723E0CC612}.Debug|Any CPU.Build.0 = Debug|Any CPU
		{30A6B7D5-8934-49BA-B357-FE723E0CC612}.Debug|x64.ActiveCfg = Debug|Any CPU
		{30A6B7D5-8934-49BA-B357-FE723E0CC612}.Debug|x64.Build.0 = Debug|Any CPU
		{30A6B7D5-8934-49BA-B357-FE723E0CC612}.Debug|x86.ActiveCfg = Debug|Any CPU
		{30A6B7D5-8934-49BA-B357-FE723E0CC612}.Debug|x86.Build.0 = Debug|Any CPU
		{30A6B7D5-8934-49BA-B357-FE723E0CC612}.Release|Any CPU.ActiveCfg = Release|Any CPU
		{30A6B7D5-8934-49BA-B357-FE723E0CC612}.Release|Any CPU.Build.0 = Release|Any CPU
		{30A6B7D5-8934-49BA-B357-FE723E0CC612}.Release|x64.ActiveCfg = Release|Any CPU
		{30A6B7D5-8934-49BA-B357-FE723E0CC612}.Release|x64.Build.0 = Release|Any CPU
		{30A6B7D5-8934-49BA-B357-FE723E0CC612}.Release|x86.ActiveCfg = Release|Any CPU
		{30A6B7D5-8934-49BA-B357-FE723E0CC612}.Release|x86.Build.0 = Release|Any CPU
		{4FCE99EE-DFDD-4DDB-A597-3F2BD92BB6F5}.Debug|Any CPU.ActiveCfg = Debug|Any CPU
		{4FCE99EE-DFDD-4DDB-A597-3F2BD92BB6F5}.Debug|Any CPU.Build.0 = Debug|Any CPU
		{4FCE99EE-DFDD-4DDB-A597-3F2BD92BB6F5}.Debug|x64.ActiveCfg = Debug|Any CPU
		{4FCE99EE-DFDD-4DDB-A597-3F2BD92BB6F5}.Debug|x64.Build.0 = Debug|Any CPU
		{4FCE99EE-DFDD-4DDB-A597-3F2BD92BB6F5}.Debug|x86.ActiveCfg = Debug|Any CPU
		{4FCE99EE-DFDD-4DDB-A597-3F2BD92BB6F5}.Debug|x86.Build.0 = Debug|Any CPU
		{4FCE99EE-DFDD-4DDB-A597-3F2BD92BB6F5}.Release|Any CPU.ActiveCfg = Release|Any CPU
		{4FCE99EE-DFDD-4DDB-A597-3F2BD92BB6F5}.Release|Any CPU.Build.0 = Release|Any CPU
		{4FCE99EE-DFDD-4DDB-A597-3F2BD92BB6F5}.Release|x64.ActiveCfg = Release|Any CPU
		{4FCE99EE-DFDD-4DDB-A597-3F2BD92BB6F5}.Release|x64.Build.0 = Release|Any CPU
		{4FCE99EE-DFDD-4DDB-A597-3F2BD92BB6F5}.Release|x86.ActiveCfg = Release|Any CPU
		{4FCE99EE-DFDD-4DDB-A597-3F2BD92BB6F5}.Release|x86.Build.0 = Release|Any CPU
		{B9E16D99-9611-46B2-AA3A-2B7069AD4A0E}.Debug|Any CPU.ActiveCfg = Debug|Win32
		{B9E16D99-9611-46B2-AA3A-2B7069AD4A0E}.Debug|Any CPU.Build.0 = Debug|Win32
		{B9E16D99-9611-46B2-AA3A-2B7069AD4A0E}.Debug|x64.ActiveCfg = Debug|x64
		{B9E16D99-9611-46B2-AA3A-2B7069AD4A0E}.Debug|x64.Build.0 = Debug|x64
		{B9E16D99-9611-46B2-AA3A-2B7069AD4A0E}.Debug|x86.ActiveCfg = Debug|Win32
		{B9E16D99-9611-46B2-AA3A-2B7069AD4A0E}.Debug|x86.Build.0 = Debug|Win32
		{B9E16D99-9611-46B2-AA3A-2B7069AD4A0E}.Release|Any CPU.ActiveCfg = Release|Win32
		{B9E16D99-9611-46B2-AA3A-2B7069AD4A0E}.Release|Any CPU.Build.0 = Release|Win32
		{B9E16D99-9611-46B2-AA3A-2B7069AD4A0E}.Release|x64.ActiveCfg = Release|x64
		{B9E16D99-9611-46B2-AA3A-2B7069AD4A0E}.Release|x64.Build.0 = Release|x64
		{B9E16D99-9611-46B2-AA3A-2B7069AD4A0E}.Release|x86.ActiveCfg = Release|Win32
		{B9E16D99-9611-46B2-AA3A-2B7069AD4A0E}.Release|x86.Build.0 = Release|Win32
		{0F5F5E45-BAAC-452B-A6F9-F111F3ECBA60}.Debug|Any CPU.ActiveCfg = Debug|Win32
		{0F5F5E45-BAAC-452B-A6F9-F111F3ECBA60}.Debug|Any CPU.Build.0 = Debug|Win32
		{0F5F5E45-BAAC-452B-A6F9-F111F3ECBA60}.Debug|x64.ActiveCfg = Debug|x64
		{0F5F5E45-BAAC-452B-A6F9-F111F3ECBA60}.Debug|x64.Build.0 = Debug|x64
		{0F5F5E45-BAAC-452B-A6F9-F111F3ECBA60}.Debug|x86.ActiveCfg = Debug|Win32
		{0F5F5E45-BAAC-452B-A6F9-F111F3ECBA60}.Debug|x86.Build.0 = Debug|Win32
		{0F5F5E45-BAAC-452B-A6F9-F111F3ECBA60}.Release|Any CPU.ActiveCfg = Release|Win32
		{0F5F5E45-BAAC-452B-A6F9-F111F3ECBA60}.Release|Any CPU.Build.0 = Release|Win32
		{0F5F5E45-BAAC-452B-A6F9-F111F3ECBA60}.Release|x64.ActiveCfg = Release|x64
		{0F5F5E45-BAAC-452B-A6F9-F111F3ECBA60}.Release|x64.Build.0 = Release|x64
		{0F5F5E45-BAAC-452B-A6F9-F111F3ECBA60}.Release|x86.ActiveCfg = Release|Win32
		{0F5F5E45-BAAC-452B-A6F9-F111F3ECBA60}.Release|x86.Build.0 = Release|Win32
	EndGlobalSection
	GlobalSection(SolutionProperties) = preSolution
		HideSolutionNode = FALSE
	EndGlobalSection
	GlobalSection(ExtensibilityGlobals) = postSolution
		SolutionGuid = {3764EB53-550B-406D-85B5-F1AA590FE755}
	EndGlobalSection
EndGlobal
