
Microsoft Visual Studio Solution File, Format Version 12.00
# Visual Studio Version 17
VisualStudioVersion = 17.6.33815.320
MinimumVisualStudioVersion = 10.0.40219.1
Project("{FAE04EC0-301F-11D3-BF4B-00C04F79EFBC}") = "Utils", "Utils\Utils.csproj", "{FBFD2721-BAFF-4167-8112-26D105E05D9B}"
EndProject
Project("{FAE04EC0-301F-11D3-BF4B-00C04F79EFBC}") = "SettingsWS", "SettingsWS\SettingsWS.csproj", "{D2DCFB0C-36DC-4FAE-89B7-8E758C302C75}"
EndProject
Project("{FAE04EC0-301F-11D3-BF4B-00C04F79EFBC}") = "KanchokuWS", "KanchokuWS\KanchokuWS.csproj", "{30A6B7D5-8934-49BA-B357-FE723E0CC612}"
EndProject
Project("{FAE04EC0-301F-11D3-BF4B-00C04F79EFBC}") = "UtilsTest", "UtilsTest\UtilsTest.csproj", "{4FCE99EE-DFDD-4DDB-A597-3F2BD92BB6F5}"
EndProject
Project("{8BC9CEB8-8B4A-11D0-8D11-00A0C91BC942}") = "kw-uni", "kw-uni\kw-uni.vcxproj", "{B9E16D99-9611-46B2-AA3A-2B7069AD4A0E}"
EndProject
Project("{8BC9CEB8-8B4A-11D0-8D11-00A0C91BC942}") = "DyMazinLib", "DyMazin\DyMazinLib\DyMazinLib.vcxproj", "{AEF1F796-7F90-4D1F-95E4-E9D428B42A9F}"
EndProject
Project("{8BC9CEB8-8B4A-11D0-8D11-00A0C91BC942}") = "LlamaLoss", "E:\Dev\Cpp\llama.cpp\examples\LlamaLoss\LlamaLoss.vcxproj", "{E4F3652E-27CE-46DA-8E81-A316216469F6}"
EndProject
Project("{8BC9CEB8-8B4A-11D0-8D11-00A0C91BC942}") = "build_info", "E:\Dev\Cpp\llama.cpp\build\common\build_info.vcxproj", "{222D36A4-D980-31EC-B34F-712BAC404CAB}"
EndProject
Project("{8BC9CEB8-8B4A-11D0-8D11-00A0C91BC942}") = "common", "E:\Dev\Cpp\llama.cpp\build\common\common.vcxproj", "{565E0C12-556A-3F47-92DC-1E1C51EED1C0}"
EndProject
Project("{8BC9CEB8-8B4A-11D0-8D11-00A0C91BC942}") = "llama", "E:\Dev\Cpp\llama.cpp\build\src\llama.vcxproj", "{A2BE519D-50CA-35E2-953F-1F072EC6F72B}"
EndProject
Project("{8BC9CEB8-8B4A-11D0-8D11-00A0C91BC942}") = "ggml", "E:\Dev\Cpp\llama.cpp\build\ggml\src\ggml.vcxproj", "{6FEA59D5-8D76-3FA2-8BEB-B4ECEE02DD61}"
EndProject
Global
	GlobalSection(SolutionConfigurationPlatforms) = preSolution
		Debug|Any CPU = Debug|Any CPU
		Debug|x64 = Debug|x64
		Debug|x86 = Debug|x86
		MinSizeRel|Any CPU = MinSizeRel|Any CPU
		MinSizeRel|x64 = MinSizeRel|x64
		MinSizeRel|x86 = MinSizeRel|x86
		Release|Any CPU = Release|Any CPU
		Release|x64 = Release|x64
		Release|x86 = Release|x86
		RelWithDebInfo|Any CPU = RelWithDebInfo|Any CPU
		RelWithDebInfo|x64 = RelWithDebInfo|x64
		RelWithDebInfo|x86 = RelWithDebInfo|x86
	EndGlobalSection
	GlobalSection(ProjectConfigurationPlatforms) = postSolution
		{FBFD2721-BAFF-4167-8112-26D105E05D9B}.Debug|Any CPU.ActiveCfg = Debug|Any CPU
		{FBFD2721-BAFF-4167-8112-26D105E05D9B}.Debug|Any CPU.Build.0 = Debug|Any CPU
		{FBFD2721-BAFF-4167-8112-26D105E05D9B}.Debug|x64.ActiveCfg = Debug|x64
		{FBFD2721-BAFF-4167-8112-26D105E05D9B}.Debug|x64.Build.0 = Debug|x64
		{FBFD2721-BAFF-4167-8112-26D105E05D9B}.Debug|x86.ActiveCfg = Debug|Any CPU
		{FBFD2721-BAFF-4167-8112-26D105E05D9B}.Debug|x86.Build.0 = Debug|Any CPU
		{FBFD2721-BAFF-4167-8112-26D105E05D9B}.MinSizeRel|Any CPU.ActiveCfg = Release|Any CPU
		{FBFD2721-BAFF-4167-8112-26D105E05D9B}.MinSizeRel|Any CPU.Build.0 = Release|Any CPU
		{FBFD2721-BAFF-4167-8112-26D105E05D9B}.MinSizeRel|x64.ActiveCfg = Release|x64
		{FBFD2721-BAFF-4167-8112-26D105E05D9B}.MinSizeRel|x86.ActiveCfg = Release|Any CPU
		{FBFD2721-BAFF-4167-8112-26D105E05D9B}.MinSizeRel|x86.Build.0 = Release|Any CPU
		{FBFD2721-BAFF-4167-8112-26D105E05D9B}.Release|Any CPU.ActiveCfg = Release|Any CPU
		{FBFD2721-BAFF-4167-8112-26D105E05D9B}.Release|Any CPU.Build.0 = Release|Any CPU
		{FBFD2721-BAFF-4167-8112-26D105E05D9B}.Release|x64.ActiveCfg = Release|x64
		{FBFD2721-BAFF-4167-8112-26D105E05D9B}.Release|x64.Build.0 = Release|x64
		{FBFD2721-BAFF-4167-8112-26D105E05D9B}.Release|x86.ActiveCfg = Release|Any CPU
		{FBFD2721-BAFF-4167-8112-26D105E05D9B}.Release|x86.Build.0 = Release|Any CPU
		{FBFD2721-BAFF-4167-8112-26D105E05D9B}.RelWithDebInfo|Any CPU.ActiveCfg = Release|Any CPU
		{FBFD2721-BAFF-4167-8112-26D105E05D9B}.RelWithDebInfo|Any CPU.Build.0 = Release|Any CPU
		{FBFD2721-BAFF-4167-8112-26D105E05D9B}.RelWithDebInfo|x64.ActiveCfg = Release|x64
		{FBFD2721-BAFF-4167-8112-26D105E05D9B}.RelWithDebInfo|x86.ActiveCfg = Release|Any CPU
		{FBFD2721-BAFF-4167-8112-26D105E05D9B}.RelWithDebInfo|x86.Build.0 = Release|Any CPU
		{D2DCFB0C-36DC-4FAE-89B7-8E758C302C75}.Debug|Any CPU.ActiveCfg = Debug|Any CPU
		{D2DCFB0C-36DC-4FAE-89B7-8E758C302C75}.Debug|Any CPU.Build.0 = Debug|Any CPU
		{D2DCFB0C-36DC-4FAE-89B7-8E758C302C75}.Debug|x64.ActiveCfg = Debug|x64
		{D2DCFB0C-36DC-4FAE-89B7-8E758C302C75}.Debug|x64.Build.0 = Debug|x64
		{D2DCFB0C-36DC-4FAE-89B7-8E758C302C75}.Debug|x86.ActiveCfg = Debug|Any CPU
		{D2DCFB0C-36DC-4FAE-89B7-8E758C302C75}.Debug|x86.Build.0 = Debug|Any CPU
		{D2DCFB0C-36DC-4FAE-89B7-8E758C302C75}.MinSizeRel|Any CPU.ActiveCfg = Release|Any CPU
		{D2DCFB0C-36DC-4FAE-89B7-8E758C302C75}.MinSizeRel|Any CPU.Build.0 = Release|Any CPU
		{D2DCFB0C-36DC-4FAE-89B7-8E758C302C75}.MinSizeRel|x64.ActiveCfg = Release|x64
		{D2DCFB0C-36DC-4FAE-89B7-8E758C302C75}.MinSizeRel|x86.ActiveCfg = Release|Any CPU
		{D2DCFB0C-36DC-4FAE-89B7-8E758C302C75}.MinSizeRel|x86.Build.0 = Release|Any CPU
		{D2DCFB0C-36DC-4FAE-89B7-8E758C302C75}.Release|Any CPU.ActiveCfg = Release|Any CPU
		{D2DCFB0C-36DC-4FAE-89B7-8E758C302C75}.Release|Any CPU.Build.0 = Release|Any CPU
		{D2DCFB0C-36DC-4FAE-89B7-8E758C302C75}.Release|x64.ActiveCfg = Release|x64
		{D2DCFB0C-36DC-4FAE-89B7-8E758C302C75}.Release|x64.Build.0 = Release|x64
		{D2DCFB0C-36DC-4FAE-89B7-8E758C302C75}.Release|x86.ActiveCfg = Release|Any CPU
		{D2DCFB0C-36DC-4FAE-89B7-8E758C302C75}.Release|x86.Build.0 = Release|Any CPU
		{D2DCFB0C-36DC-4FAE-89B7-8E758C302C75}.RelWithDebInfo|Any CPU.ActiveCfg = Release|Any CPU
		{D2DCFB0C-36DC-4FAE-89B7-8E758C302C75}.RelWithDebInfo|Any CPU.Build.0 = Release|Any CPU
		{D2DCFB0C-36DC-4FAE-89B7-8E758C302C75}.RelWithDebInfo|x64.ActiveCfg = Release|x64
		{D2DCFB0C-36DC-4FAE-89B7-8E758C302C75}.RelWithDebInfo|x86.ActiveCfg = Release|Any CPU
		{D2DCFB0C-36DC-4FAE-89B7-8E758C302C75}.RelWithDebInfo|x86.Build.0 = Release|Any CPU
		{30A6B7D5-8934-49BA-B357-FE723E0CC612}.Debug|Any CPU.ActiveCfg = Debug|Any CPU
		{30A6B7D5-8934-49BA-B357-FE723E0CC612}.Debug|Any CPU.Build.0 = Debug|Any CPU
		{30A6B7D5-8934-49BA-B357-FE723E0CC612}.Debug|x64.ActiveCfg = Debug|x64
		{30A6B7D5-8934-49BA-B357-FE723E0CC612}.Debug|x64.Build.0 = Debug|x64
		{30A6B7D5-8934-49BA-B357-FE723E0CC612}.Debug|x86.ActiveCfg = Debug|Any CPU
		{30A6B7D5-8934-49BA-B357-FE723E0CC612}.Debug|x86.Build.0 = Debug|Any CPU
		{30A6B7D5-8934-49BA-B357-FE723E0CC612}.MinSizeRel|Any CPU.ActiveCfg = Release|Any CPU
		{30A6B7D5-8934-49BA-B357-FE723E0CC612}.MinSizeRel|Any CPU.Build.0 = Release|Any CPU
		{30A6B7D5-8934-49BA-B357-FE723E0CC612}.MinSizeRel|x64.ActiveCfg = Release|x64
		{30A6B7D5-8934-49BA-B357-FE723E0CC612}.MinSizeRel|x86.ActiveCfg = Release|Any CPU
		{30A6B7D5-8934-49BA-B357-FE723E0CC612}.MinSizeRel|x86.Build.0 = Release|Any CPU
		{30A6B7D5-8934-49BA-B357-FE723E0CC612}.Release|Any CPU.ActiveCfg = Release|Any CPU
		{30A6B7D5-8934-49BA-B357-FE723E0CC612}.Release|Any CPU.Build.0 = Release|Any CPU
		{30A6B7D5-8934-49BA-B357-FE723E0CC612}.Release|x64.ActiveCfg = Release|x64
		{30A6B7D5-8934-49BA-B357-FE723E0CC612}.Release|x64.Build.0 = Release|x64
		{30A6B7D5-8934-49BA-B357-FE723E0CC612}.Release|x86.ActiveCfg = Release|Any CPU
		{30A6B7D5-8934-49BA-B357-FE723E0CC612}.Release|x86.Build.0 = Release|Any CPU
		{30A6B7D5-8934-49BA-B357-FE723E0CC612}.RelWithDebInfo|Any CPU.ActiveCfg = Release|Any CPU
		{30A6B7D5-8934-49BA-B357-FE723E0CC612}.RelWithDebInfo|Any CPU.Build.0 = Release|Any CPU
		{30A6B7D5-8934-49BA-B357-FE723E0CC612}.RelWithDebInfo|x64.ActiveCfg = Release|x64
		{30A6B7D5-8934-49BA-B357-FE723E0CC612}.RelWithDebInfo|x86.ActiveCfg = Release|Any CPU
		{30A6B7D5-8934-49BA-B357-FE723E0CC612}.RelWithDebInfo|x86.Build.0 = Release|Any CPU
		{4FCE99EE-DFDD-4DDB-A597-3F2BD92BB6F5}.Debug|Any CPU.ActiveCfg = Debug|Any CPU
		{4FCE99EE-DFDD-4DDB-A597-3F2BD92BB6F5}.Debug|Any CPU.Build.0 = Debug|Any CPU
		{4FCE99EE-DFDD-4DDB-A597-3F2BD92BB6F5}.Debug|x64.ActiveCfg = Debug|x64
		{4FCE99EE-DFDD-4DDB-A597-3F2BD92BB6F5}.Debug|x64.Build.0 = Debug|x64
		{4FCE99EE-DFDD-4DDB-A597-3F2BD92BB6F5}.Debug|x86.ActiveCfg = Debug|Any CPU
		{4FCE99EE-DFDD-4DDB-A597-3F2BD92BB6F5}.Debug|x86.Build.0 = Debug|Any CPU
		{4FCE99EE-DFDD-4DDB-A597-3F2BD92BB6F5}.MinSizeRel|Any CPU.ActiveCfg = Release|Any CPU
		{4FCE99EE-DFDD-4DDB-A597-3F2BD92BB6F5}.MinSizeRel|Any CPU.Build.0 = Release|Any CPU
		{4FCE99EE-DFDD-4DDB-A597-3F2BD92BB6F5}.MinSizeRel|x64.ActiveCfg = Release|x64
		{4FCE99EE-DFDD-4DDB-A597-3F2BD92BB6F5}.MinSizeRel|x86.ActiveCfg = Release|Any CPU
		{4FCE99EE-DFDD-4DDB-A597-3F2BD92BB6F5}.MinSizeRel|x86.Build.0 = Release|Any CPU
		{4FCE99EE-DFDD-4DDB-A597-3F2BD92BB6F5}.Release|Any CPU.ActiveCfg = Release|Any CPU
		{4FCE99EE-DFDD-4DDB-A597-3F2BD92BB6F5}.Release|Any CPU.Build.0 = Release|Any CPU
		{4FCE99EE-DFDD-4DDB-A597-3F2BD92BB6F5}.Release|x64.ActiveCfg = Release|x64
		{4FCE99EE-DFDD-4DDB-A597-3F2BD92BB6F5}.Release|x64.Build.0 = Release|x64
		{4FCE99EE-DFDD-4DDB-A597-3F2BD92BB6F5}.Release|x86.ActiveCfg = Release|Any CPU
		{4FCE99EE-DFDD-4DDB-A597-3F2BD92BB6F5}.Release|x86.Build.0 = Release|Any CPU
		{4FCE99EE-DFDD-4DDB-A597-3F2BD92BB6F5}.RelWithDebInfo|Any CPU.ActiveCfg = Release|Any CPU
		{4FCE99EE-DFDD-4DDB-A597-3F2BD92BB6F5}.RelWithDebInfo|Any CPU.Build.0 = Release|Any CPU
		{4FCE99EE-DFDD-4DDB-A597-3F2BD92BB6F5}.RelWithDebInfo|x64.ActiveCfg = Release|x64
		{4FCE99EE-DFDD-4DDB-A597-3F2BD92BB6F5}.RelWithDebInfo|x86.ActiveCfg = Release|Any CPU
		{4FCE99EE-DFDD-4DDB-A597-3F2BD92BB6F5}.RelWithDebInfo|x86.Build.0 = Release|Any CPU
		{B9E16D99-9611-46B2-AA3A-2B7069AD4A0E}.Debug|Any CPU.ActiveCfg = Debug|Win32
		{B9E16D99-9611-46B2-AA3A-2B7069AD4A0E}.Debug|Any CPU.Build.0 = Debug|Win32
		{B9E16D99-9611-46B2-AA3A-2B7069AD4A0E}.Debug|x64.ActiveCfg = Debug|x64
		{B9E16D99-9611-46B2-AA3A-2B7069AD4A0E}.Debug|x64.Build.0 = Debug|x64
		{B9E16D99-9611-46B2-AA3A-2B7069AD4A0E}.Debug|x86.ActiveCfg = Debug|Win32
		{B9E16D99-9611-46B2-AA3A-2B7069AD4A0E}.Debug|x86.Build.0 = Debug|Win32
		{B9E16D99-9611-46B2-AA3A-2B7069AD4A0E}.MinSizeRel|Any CPU.ActiveCfg = Release|x64
		{B9E16D99-9611-46B2-AA3A-2B7069AD4A0E}.MinSizeRel|Any CPU.Build.0 = Release|x64
		{B9E16D99-9611-46B2-AA3A-2B7069AD4A0E}.MinSizeRel|x64.ActiveCfg = Release|x64
		{B9E16D99-9611-46B2-AA3A-2B7069AD4A0E}.MinSizeRel|x86.ActiveCfg = Release|Win32
		{B9E16D99-9611-46B2-AA3A-2B7069AD4A0E}.MinSizeRel|x86.Build.0 = Release|Win32
		{B9E16D99-9611-46B2-AA3A-2B7069AD4A0E}.Release|Any CPU.ActiveCfg = Release|Win32
		{B9E16D99-9611-46B2-AA3A-2B7069AD4A0E}.Release|Any CPU.Build.0 = Release|Win32
		{B9E16D99-9611-46B2-AA3A-2B7069AD4A0E}.Release|x64.ActiveCfg = Release|x64
		{B9E16D99-9611-46B2-AA3A-2B7069AD4A0E}.Release|x64.Build.0 = Release|x64
		{B9E16D99-9611-46B2-AA3A-2B7069AD4A0E}.Release|x86.ActiveCfg = Release|Win32
		{B9E16D99-9611-46B2-AA3A-2B7069AD4A0E}.Release|x86.Build.0 = Release|Win32
		{B9E16D99-9611-46B2-AA3A-2B7069AD4A0E}.RelWithDebInfo|Any CPU.ActiveCfg = Release|x64
		{B9E16D99-9611-46B2-AA3A-2B7069AD4A0E}.RelWithDebInfo|Any CPU.Build.0 = Release|x64
		{B9E16D99-9611-46B2-AA3A-2B7069AD4A0E}.RelWithDebInfo|x64.ActiveCfg = Release|x64
		{B9E16D99-9611-46B2-AA3A-2B7069AD4A0E}.RelWithDebInfo|x86.ActiveCfg = Release|Win32
		{B9E16D99-9611-46B2-AA3A-2B7069AD4A0E}.RelWithDebInfo|x86.Build.0 = Release|Win32
		{AEF1F796-7F90-4D1F-95E4-E9D428B42A9F}.Debug|Any CPU.ActiveCfg = Debug|Win32
		{AEF1F796-7F90-4D1F-95E4-E9D428B42A9F}.Debug|Any CPU.Build.0 = Debug|Win32
		{AEF1F796-7F90-4D1F-95E4-E9D428B42A9F}.Debug|x64.ActiveCfg = Debug|x64
		{AEF1F796-7F90-4D1F-95E4-E9D428B42A9F}.Debug|x64.Build.0 = Debug|x64
		{AEF1F796-7F90-4D1F-95E4-E9D428B42A9F}.Debug|x86.ActiveCfg = Debug|Win32
		{AEF1F796-7F90-4D1F-95E4-E9D428B42A9F}.Debug|x86.Build.0 = Debug|Win32
		{AEF1F796-7F90-4D1F-95E4-E9D428B42A9F}.MinSizeRel|Any CPU.ActiveCfg = Release|x64
		{AEF1F796-7F90-4D1F-95E4-E9D428B42A9F}.MinSizeRel|Any CPU.Build.0 = Release|x64
		{AEF1F796-7F90-4D1F-95E4-E9D428B42A9F}.MinSizeRel|x64.ActiveCfg = Release|x64
		{AEF1F796-7F90-4D1F-95E4-E9D428B42A9F}.MinSizeRel|x86.ActiveCfg = Release|Win32
		{AEF1F796-7F90-4D1F-95E4-E9D428B42A9F}.MinSizeRel|x86.Build.0 = Release|Win32
		{AEF1F796-7F90-4D1F-95E4-E9D428B42A9F}.Release|Any CPU.ActiveCfg = Release|Win32
		{AEF1F796-7F90-4D1F-95E4-E9D428B42A9F}.Release|Any CPU.Build.0 = Release|Win32
		{AEF1F796-7F90-4D1F-95E4-E9D428B42A9F}.Release|x64.ActiveCfg = Release|x64
		{AEF1F796-7F90-4D1F-95E4-E9D428B42A9F}.Release|x64.Build.0 = Release|x64
		{AEF1F796-7F90-4D1F-95E4-E9D428B42A9F}.Release|x86.ActiveCfg = Release|Win32
		{AEF1F796-7F90-4D1F-95E4-E9D428B42A9F}.Release|x86.Build.0 = Release|Win32
		{AEF1F796-7F90-4D1F-95E4-E9D428B42A9F}.RelWithDebInfo|Any CPU.ActiveCfg = Release|x64
		{AEF1F796-7F90-4D1F-95E4-E9D428B42A9F}.RelWithDebInfo|Any CPU.Build.0 = Release|x64
		{AEF1F796-7F90-4D1F-95E4-E9D428B42A9F}.RelWithDebInfo|x64.ActiveCfg = Release|x64
		{AEF1F796-7F90-4D1F-95E4-E9D428B42A9F}.RelWithDebInfo|x86.ActiveCfg = Release|Win32
		{AEF1F796-7F90-4D1F-95E4-E9D428B42A9F}.RelWithDebInfo|x86.Build.0 = Release|Win32
		{E4F3652E-27CE-46DA-8E81-A316216469F6}.Debug|Any CPU.ActiveCfg = Debug|x64
		{E4F3652E-27CE-46DA-8E81-A316216469F6}.Debug|Any CPU.Build.0 = Debug|x64
		{E4F3652E-27CE-46DA-8E81-A316216469F6}.Debug|x64.ActiveCfg = Debug|x64
		{E4F3652E-27CE-46DA-8E81-A316216469F6}.Debug|x64.Build.0 = Debug|x64
		{E4F3652E-27CE-46DA-8E81-A316216469F6}.Debug|x86.ActiveCfg = Debug|x64
		{E4F3652E-27CE-46DA-8E81-A316216469F6}.Debug|x86.Build.0 = Debug|x64
		{E4F3652E-27CE-46DA-8E81-A316216469F6}.MinSizeRel|Any CPU.ActiveCfg = Debug|x64
		{E4F3652E-27CE-46DA-8E81-A316216469F6}.MinSizeRel|Any CPU.Build.0 = Debug|x64
		{E4F3652E-27CE-46DA-8E81-A316216469F6}.MinSizeRel|x64.ActiveCfg = Debug|x64
		{E4F3652E-27CE-46DA-8E81-A316216469F6}.MinSizeRel|x86.ActiveCfg = Debug|x64
		{E4F3652E-27CE-46DA-8E81-A316216469F6}.MinSizeRel|x86.Build.0 = Debug|x64
		{E4F3652E-27CE-46DA-8E81-A316216469F6}.Release|Any CPU.ActiveCfg = Release|x64
		{E4F3652E-27CE-46DA-8E81-A316216469F6}.Release|Any CPU.Build.0 = Release|x64
		{E4F3652E-27CE-46DA-8E81-A316216469F6}.Release|x64.ActiveCfg = Release|x64
		{E4F3652E-27CE-46DA-8E81-A316216469F6}.Release|x64.Build.0 = Release|x64
		{E4F3652E-27CE-46DA-8E81-A316216469F6}.Release|x86.ActiveCfg = Release|x64
		{E4F3652E-27CE-46DA-8E81-A316216469F6}.Release|x86.Build.0 = Release|x64
		{E4F3652E-27CE-46DA-8E81-A316216469F6}.RelWithDebInfo|Any CPU.ActiveCfg = Release|x64
		{E4F3652E-27CE-46DA-8E81-A316216469F6}.RelWithDebInfo|Any CPU.Build.0 = Release|x64
		{E4F3652E-27CE-46DA-8E81-A316216469F6}.RelWithDebInfo|x64.ActiveCfg = Release|x64
		{E4F3652E-27CE-46DA-8E81-A316216469F6}.RelWithDebInfo|x86.ActiveCfg = Release|x64
		{E4F3652E-27CE-46DA-8E81-A316216469F6}.RelWithDebInfo|x86.Build.0 = Release|x64
		{222D36A4-D980-31EC-B34F-712BAC404CAB}.Debug|Any CPU.ActiveCfg = Debug|x64
		{222D36A4-D980-31EC-B34F-712BAC404CAB}.Debug|Any CPU.Build.0 = Debug|x64
		{222D36A4-D980-31EC-B34F-712BAC404CAB}.Debug|x64.ActiveCfg = Debug|x64
		{222D36A4-D980-31EC-B34F-712BAC404CAB}.Debug|x64.Build.0 = Debug|x64
		{222D36A4-D980-31EC-B34F-712BAC404CAB}.Debug|x86.ActiveCfg = Debug|x64
		{222D36A4-D980-31EC-B34F-712BAC404CAB}.Debug|x86.Build.0 = Debug|x64
		{222D36A4-D980-31EC-B34F-712BAC404CAB}.MinSizeRel|Any CPU.ActiveCfg = Debug|x64
		{222D36A4-D980-31EC-B34F-712BAC404CAB}.MinSizeRel|Any CPU.Build.0 = Debug|x64
		{222D36A4-D980-31EC-B34F-712BAC404CAB}.MinSizeRel|x64.ActiveCfg = Debug|x64
		{222D36A4-D980-31EC-B34F-712BAC404CAB}.MinSizeRel|x86.ActiveCfg = Debug|x64
		{222D36A4-D980-31EC-B34F-712BAC404CAB}.MinSizeRel|x86.Build.0 = Debug|x64
		{222D36A4-D980-31EC-B34F-712BAC404CAB}.Release|Any CPU.ActiveCfg = Release|x64
		{222D36A4-D980-31EC-B34F-712BAC404CAB}.Release|Any CPU.Build.0 = Release|x64
		{222D36A4-D980-31EC-B34F-712BAC404CAB}.Release|x64.ActiveCfg = Release|x64
		{222D36A4-D980-31EC-B34F-712BAC404CAB}.Release|x64.Build.0 = Release|x64
		{222D36A4-D980-31EC-B34F-712BAC404CAB}.Release|x86.ActiveCfg = Release|x64
		{222D36A4-D980-31EC-B34F-712BAC404CAB}.Release|x86.Build.0 = Release|x64
		{222D36A4-D980-31EC-B34F-712BAC404CAB}.RelWithDebInfo|Any CPU.ActiveCfg = Release|x64
		{222D36A4-D980-31EC-B34F-712BAC404CAB}.RelWithDebInfo|Any CPU.Build.0 = Release|x64
		{222D36A4-D980-31EC-B34F-712BAC404CAB}.RelWithDebInfo|x64.ActiveCfg = Release|x64
		{222D36A4-D980-31EC-B34F-712BAC404CAB}.RelWithDebInfo|x86.ActiveCfg = Release|x64
		{222D36A4-D980-31EC-B34F-712BAC404CAB}.RelWithDebInfo|x86.Build.0 = Release|x64
		{565E0C12-556A-3F47-92DC-1E1C51EED1C0}.Debug|Any CPU.ActiveCfg = Debug|x64
		{565E0C12-556A-3F47-92DC-1E1C51EED1C0}.Debug|Any CPU.Build.0 = Debug|x64
		{565E0C12-556A-3F47-92DC-1E1C51EED1C0}.Debug|x64.ActiveCfg = Debug|x64
		{565E0C12-556A-3F47-92DC-1E1C51EED1C0}.Debug|x64.Build.0 = Debug|x64
		{565E0C12-556A-3F47-92DC-1E1C51EED1C0}.Debug|x86.ActiveCfg = Debug|x64
		{565E0C12-556A-3F47-92DC-1E1C51EED1C0}.Debug|x86.Build.0 = Debug|x64
		{565E0C12-556A-3F47-92DC-1E1C51EED1C0}.MinSizeRel|Any CPU.ActiveCfg = Debug|x64
		{565E0C12-556A-3F47-92DC-1E1C51EED1C0}.MinSizeRel|Any CPU.Build.0 = Debug|x64
		{565E0C12-556A-3F47-92DC-1E1C51EED1C0}.MinSizeRel|x64.ActiveCfg = Debug|x64
		{565E0C12-556A-3F47-92DC-1E1C51EED1C0}.MinSizeRel|x86.ActiveCfg = Debug|x64
		{565E0C12-556A-3F47-92DC-1E1C51EED1C0}.MinSizeRel|x86.Build.0 = Debug|x64
		{565E0C12-556A-3F47-92DC-1E1C51EED1C0}.Release|Any CPU.ActiveCfg = Release|x64
		{565E0C12-556A-3F47-92DC-1E1C51EED1C0}.Release|Any CPU.Build.0 = Release|x64
		{565E0C12-556A-3F47-92DC-1E1C51EED1C0}.Release|x64.ActiveCfg = Release|x64
		{565E0C12-556A-3F47-92DC-1E1C51EED1C0}.Release|x64.Build.0 = Release|x64
		{565E0C12-556A-3F47-92DC-1E1C51EED1C0}.Release|x86.ActiveCfg = Release|x64
		{565E0C12-556A-3F47-92DC-1E1C51EED1C0}.Release|x86.Build.0 = Release|x64
		{565E0C12-556A-3F47-92DC-1E1C51EED1C0}.RelWithDebInfo|Any CPU.ActiveCfg = Release|x64
		{565E0C12-556A-3F47-92DC-1E1C51EED1C0}.RelWithDebInfo|Any CPU.Build.0 = Release|x64
		{565E0C12-556A-3F47-92DC-1E1C51EED1C0}.RelWithDebInfo|x64.ActiveCfg = Release|x64
		{565E0C12-556A-3F47-92DC-1E1C51EED1C0}.RelWithDebInfo|x86.ActiveCfg = Release|x64
		{565E0C12-556A-3F47-92DC-1E1C51EED1C0}.RelWithDebInfo|x86.Build.0 = Release|x64
		{A2BE519D-50CA-35E2-953F-1F072EC6F72B}.Debug|Any CPU.ActiveCfg = Debug|x64
		{A2BE519D-50CA-35E2-953F-1F072EC6F72B}.Debug|Any CPU.Build.0 = Debug|x64
		{A2BE519D-50CA-35E2-953F-1F072EC6F72B}.Debug|x64.ActiveCfg = Debug|x64
		{A2BE519D-50CA-35E2-953F-1F072EC6F72B}.Debug|x64.Build.0 = Debug|x64
		{A2BE519D-50CA-35E2-953F-1F072EC6F72B}.Debug|x86.ActiveCfg = Debug|x64
		{A2BE519D-50CA-35E2-953F-1F072EC6F72B}.Debug|x86.Build.0 = Debug|x64
		{A2BE519D-50CA-35E2-953F-1F072EC6F72B}.MinSizeRel|Any CPU.ActiveCfg = Debug|x64
		{A2BE519D-50CA-35E2-953F-1F072EC6F72B}.MinSizeRel|Any CPU.Build.0 = Debug|x64
		{A2BE519D-50CA-35E2-953F-1F072EC6F72B}.MinSizeRel|x64.ActiveCfg = Debug|x64
		{A2BE519D-50CA-35E2-953F-1F072EC6F72B}.MinSizeRel|x86.ActiveCfg = Debug|x64
		{A2BE519D-50CA-35E2-953F-1F072EC6F72B}.MinSizeRel|x86.Build.0 = Debug|x64
		{A2BE519D-50CA-35E2-953F-1F072EC6F72B}.Release|Any CPU.ActiveCfg = Release|x64
		{A2BE519D-50CA-35E2-953F-1F072EC6F72B}.Release|Any CPU.Build.0 = Release|x64
		{A2BE519D-50CA-35E2-953F-1F072EC6F72B}.Release|x64.ActiveCfg = Release|x64
		{A2BE519D-50CA-35E2-953F-1F072EC6F72B}.Release|x64.Build.0 = Release|x64
		{A2BE519D-50CA-35E2-953F-1F072EC6F72B}.Release|x86.ActiveCfg = Release|x64
		{A2BE519D-50CA-35E2-953F-1F072EC6F72B}.Release|x86.Build.0 = Release|x64
		{A2BE519D-50CA-35E2-953F-1F072EC6F72B}.RelWithDebInfo|Any CPU.ActiveCfg = Release|x64
		{A2BE519D-50CA-35E2-953F-1F072EC6F72B}.RelWithDebInfo|Any CPU.Build.0 = Release|x64
		{A2BE519D-50CA-35E2-953F-1F072EC6F72B}.RelWithDebInfo|x64.ActiveCfg = Release|x64
		{A2BE519D-50CA-35E2-953F-1F072EC6F72B}.RelWithDebInfo|x86.ActiveCfg = Release|x64
		{A2BE519D-50CA-35E2-953F-1F072EC6F72B}.RelWithDebInfo|x86.Build.0 = Release|x64
		{6FEA59D5-8D76-3FA2-8BEB-B4ECEE02DD61}.Debug|Any CPU.ActiveCfg = Debug|x64
		{6FEA59D5-8D76-3FA2-8BEB-B4ECEE02DD61}.Debug|Any CPU.Build.0 = Debug|x64
		{6FEA59D5-8D76-3FA2-8BEB-B4ECEE02DD61}.Debug|x64.ActiveCfg = Debug|x64
		{6FEA59D5-8D76-3FA2-8BEB-B4ECEE02DD61}.Debug|x64.Build.0 = Debug|x64
		{6FEA59D5-8D76-3FA2-8BEB-B4ECEE02DD61}.Debug|x86.ActiveCfg = Debug|x64
		{6FEA59D5-8D76-3FA2-8BEB-B4ECEE02DD61}.Debug|x86.Build.0 = Debug|x64
		{6FEA59D5-8D76-3FA2-8BEB-B4ECEE02DD61}.MinSizeRel|Any CPU.ActiveCfg = Debug|x64
		{6FEA59D5-8D76-3FA2-8BEB-B4ECEE02DD61}.MinSizeRel|Any CPU.Build.0 = Debug|x64
		{6FEA59D5-8D76-3FA2-8BEB-B4ECEE02DD61}.MinSizeRel|x64.ActiveCfg = Debug|x64
		{6FEA59D5-8D76-3FA2-8BEB-B4ECEE02DD61}.MinSizeRel|x86.ActiveCfg = Debug|x64
		{6FEA59D5-8D76-3FA2-8BEB-B4ECEE02DD61}.MinSizeRel|x86.Build.0 = Debug|x64
		{6FEA59D5-8D76-3FA2-8BEB-B4ECEE02DD61}.Release|Any CPU.ActiveCfg = Release|x64
		{6FEA59D5-8D76-3FA2-8BEB-B4ECEE02DD61}.Release|Any CPU.Build.0 = Release|x64
		{6FEA59D5-8D76-3FA2-8BEB-B4ECEE02DD61}.Release|x64.ActiveCfg = Release|x64
		{6FEA59D5-8D76-3FA2-8BEB-B4ECEE02DD61}.Release|x64.Build.0 = Release|x64
		{6FEA59D5-8D76-3FA2-8BEB-B4ECEE02DD61}.Release|x86.ActiveCfg = Release|x64
		{6FEA59D5-8D76-3FA2-8BEB-B4ECEE02DD61}.Release|x86.Build.0 = Release|x64
		{6FEA59D5-8D76-3FA2-8BEB-B4ECEE02DD61}.RelWithDebInfo|Any CPU.ActiveCfg = Release|x64
		{6FEA59D5-8D76-3FA2-8BEB-B4ECEE02DD61}.RelWithDebInfo|Any CPU.Build.0 = Release|x64
		{6FEA59D5-8D76-3FA2-8BEB-B4ECEE02DD61}.RelWithDebInfo|x64.ActiveCfg = Release|x64
		{6FEA59D5-8D76-3FA2-8BEB-B4ECEE02DD61}.RelWithDebInfo|x86.ActiveCfg = Release|x64
		{6FEA59D5-8D76-3FA2-8BEB-B4ECEE02DD61}.RelWithDebInfo|x86.Build.0 = Release|x64
	EndGlobalSection
	GlobalSection(SolutionProperties) = preSolution
		HideSolutionNode = FALSE
	EndGlobalSection
	GlobalSection(ExtensibilityGlobals) = postSolution
		SolutionGuid = {3764EB53-550B-406D-85B5-F1AA590FE755}
	EndGlobalSection
EndGlobal
